
Microsoft Visual Studio Solution File, Format Version 12.00
# Visual Studio Version 16
VisualStudioVersion = 16.0.810.25
MinimumVisualStudioVersion = 10.0.40219.1
Project("{FAE04EC0-301F-11D3-BF4B-00C04F79EFBC}") = "Classwork1", "Classwork1\Classwork1.csproj", "{0CE00090-DBFA-46AC-8631-6602D75729A4}"
EndProject
Global
	GlobalSection(SolutionConfigurationPlatforms) = preSolution
		Debug|Any CPU = Debug|Any CPU
		Release|Any CPU = Release|Any CPU
	EndGlobalSection
	GlobalSection(ProjectConfigurationPlatforms) = postSolution
		{0CE00090-DBFA-46AC-8631-6602D75729A4}.Debug|Any CPU.ActiveCfg = Debug|Any CPU
		{0CE00090-DBFA-46AC-8631-6602D75729A4}.Debug|Any CPU.Build.0 = Debug|Any CPU
		{0CE00090-DBFA-46AC-8631-6602D75729A4}.Release|Any CPU.ActiveCfg = Release|Any CPU
		{0CE00090-DBFA-46AC-8631-6602D75729A4}.Release|Any CPU.Build.0 = Release|Any CPU
	EndGlobalSection
	GlobalSection(SolutionProperties) = preSolution
		HideSolutionNode = FALSE
	EndGlobalSection
	GlobalSection(ExtensibilityGlobals) = postSolution
		SolutionGuid = {7153D927-5744-4C97-93AE-5267F320245C}
	EndGlobalSection
EndGlobal
