
Microsoft Visual Studio Solution File, Format Version 12.00
# Visual Studio Version 16
VisualStudioVersion = 16.0.810.25
MinimumVisualStudioVersion = 10.0.40219.1
Project("{FAE04EC0-301F-11D3-BF4B-00C04F79EFBC}") = "Task2", "Task2\Task2.csproj", "{9754544C-EE98-4528-B8AC-8357D7CCA709}"
EndProject
Global
	GlobalSection(SolutionConfigurationPlatforms) = preSolution
		Debug|Any CPU = Debug|Any CPU
		Release|Any CPU = Release|Any CPU
	EndGlobalSection
	GlobalSection(ProjectConfigurationPlatforms) = postSolution
		{9754544C-EE98-4528-B8AC-8357D7CCA709}.Debug|Any CPU.ActiveCfg = Debug|Any CPU
		{9754544C-EE98-4528-B8AC-8357D7CCA709}.Debug|Any CPU.Build.0 = Debug|Any CPU
		{9754544C-EE98-4528-B8AC-8357D7CCA709}.Release|Any CPU.ActiveCfg = Release|Any CPU
		{9754544C-EE98-4528-B8AC-8357D7CCA709}.Release|Any CPU.Build.0 = Release|Any CPU
	EndGlobalSection
	GlobalSection(SolutionProperties) = preSolution
		HideSolutionNode = FALSE
	EndGlobalSection
	GlobalSection(ExtensibilityGlobals) = postSolution
		SolutionGuid = {AA7BFC56-183C-4B49-8968-D1505518086D}
	EndGlobalSection
EndGlobal
